// !$*UTF8*$!
{
	archiveVersion = 1;
	classes = {
	};
	objectVersion = 46;
	objects = {

/* Begin PBXBuildFile section */
		08A51B63195B98620073CBA7 /* Foundation.framework in Frameworks */ = {isa = PBXBuildFile; fileRef = 08A51B62195B98620073CBA7 /* Foundation.framework */; };
		08A51B65195B98620073CBA7 /* CoreGraphics.framework in Frameworks */ = {isa = PBXBuildFile; fileRef = 08A51B64195B98620073CBA7 /* CoreGraphics.framework */; };
		08A51B67195B98620073CBA7 /* UIKit.framework in Frameworks */ = {isa = PBXBuildFile; fileRef = 08A51B66195B98620073CBA7 /* UIKit.framework */; };
		08A51B6D195B98620073CBA7 /* InfoPlist.strings in Resources */ = {isa = PBXBuildFile; fileRef = 08A51B6B195B98620073CBA7 /* InfoPlist.strings */; };
		08A51B6F195B98620073CBA7 /* main.m in Sources */ = {isa = PBXBuildFile; fileRef = 08A51B6E195B98620073CBA7 /* main.m */; };
		08A51B73195B98620073CBA7 /* MSAppDelegate.m in Sources */ = {isa = PBXBuildFile; fileRef = 08A51B72195B98620073CBA7 /* MSAppDelegate.m */; };
		08A51B76195B98620073CBA7 /* Main.storyboard in Resources */ = {isa = PBXBuildFile; fileRef = 08A51B74195B98620073CBA7 /* Main.storyboard */; };
		08A51B79195B98620073CBA7 /* MSListViewController.m in Sources */ = {isa = PBXBuildFile; fileRef = 08A51B78195B98620073CBA7 /* MSListViewController.m */; };
		08A51B7B195B98630073CBA7 /* Images.xcassets in Resources */ = {isa = PBXBuildFile; fileRef = 08A51B7A195B98630073CBA7 /* Images.xcassets */; };
		08A51B82195B98630073CBA7 /* XCTest.framework in Frameworks */ = {isa = PBXBuildFile; fileRef = 08A51B81195B98630073CBA7 /* XCTest.framework */; };
		08A51B83195B98630073CBA7 /* Foundation.framework in Frameworks */ = {isa = PBXBuildFile; fileRef = 08A51B62195B98620073CBA7 /* Foundation.framework */; };
		08A51B84195B98630073CBA7 /* UIKit.framework in Frameworks */ = {isa = PBXBuildFile; fileRef = 08A51B66195B98620073CBA7 /* UIKit.framework */; };
		08A51B8C195B98630073CBA7 /* InfoPlist.strings in Resources */ = {isa = PBXBuildFile; fileRef = 08A51B8A195B98630073CBA7 /* InfoPlist.strings */; };
		08A51B8E195B98630073CBA7 /* World_TravelerTests.m in Sources */ = {isa = PBXBuildFile; fileRef = 08A51B8D195B98630073CBA7 /* World_TravelerTests.m */; };
		08A51BA2195BB9730073CBA7 /* MSMapViewController.m in Sources */ = {isa = PBXBuildFile; fileRef = 08A51BA1195BB9730073CBA7 /* MSMapViewController.m */; };
		08A51BA8195CB0020073CBA7 /* WorldTravelerModel.xcdatamodeld in Sources */ = {isa = PBXBuildFile; fileRef = 08A51BA6195CB0020073CBA7 /* WorldTravelerModel.xcdatamodeld */; };
		08A51BAA195CB0620073CBA7 /* CoreData.framework in Frameworks */ = {isa = PBXBuildFile; fileRef = 08A51BA9195CB0620073CBA7 /* CoreData.framework */; };
		08A51BAD195CF04E0073CBA7 /* Menu.m in Sources */ = {isa = PBXBuildFile; fileRef = 08A51BAC195CF04E0073CBA7 /* Menu.m */; };
		08A51BB0195CF04F0073CBA7 /* Venue.m in Sources */ = {isa = PBXBuildFile; fileRef = 08A51BAF195CF04F0073CBA7 /* Venue.m */; };
		08A51BB3195CF04F0073CBA7 /* Contact.m in Sources */ = {isa = PBXBuildFile; fileRef = 08A51BB2195CF04F0073CBA7 /* Contact.m */; };
		08A51BB6195CF04F0073CBA7 /* FSCategory.m in Sources */ = {isa = PBXBuildFile; fileRef = 08A51BB5195CF04F0073CBA7 /* FSCategory.m */; };
		08A51BB9195CF04F0073CBA7 /* Location.m in Sources */ = {isa = PBXBuildFile; fileRef = 08A51BB8195CF04F0073CBA7 /* Location.m */; };
		08A51BBD195CF1030073CBA7 /* MSRecord.m in Sources */ = {isa = PBXBuildFile; fileRef = 08A51BBC195CF1030073CBA7 /* MSRecord.m */; };
		08A51BC1195DDCF20073CBA7 /* MSFourSquareSessionManager.m in Sources */ = {isa = PBXBuildFile; fileRef = 08A51BC0195DDCF20073CBA7 /* MSFourSquareSessionManager.m */; };
		08A51BC3195DE21D0073CBA7 /* MapKit.framework in Frameworks */ = {isa = PBXBuildFile; fileRef = 08A51BC2195DE21D0073CBA7 /* MapKit.framework */; };
		08A51BC5195DE2290073CBA7 /* CoreLocation.framework in Frameworks */ = {isa = PBXBuildFile; fileRef = 08A51BC4195DE2290073CBA7 /* CoreLocation.framework */; };
		08A51BD2195DEBA40073CBA7 /* AFMMRecordResponseSerializationMapper.m in Sources */ = {isa = PBXBuildFile; fileRef = 08A51BCF195DEBA40073CBA7 /* AFMMRecordResponseSerializationMapper.m */; };
		08A51BD3195DEBA40073CBA7 /* AFMMRecordResponseSerializer.m in Sources */ = {isa = PBXBuildFile; fileRef = 08A51BD1195DEBA40073CBA7 /* AFMMRecordResponseSerializer.m */; };
		08A51BD6195E1B2A0073CBA7 /* MSDirectionsViewController.m in Sources */ = {isa = PBXBuildFile; fileRef = 08A51BD5195E1B2A0073CBA7 /* MSDirectionsViewController.m */; };
		08A51BD9195E37230073CBA7 /* MSDirectionsListViewController.m in Sources */ = {isa = PBXBuildFile; fileRef = 08A51BD8195E37230073CBA7 /* MSDirectionsListViewController.m */; };
		6B9BCE274D7945B38A63BE6D /* libPods.a in Frameworks */ = {isa = PBXBuildFile; fileRef = 8BE9C8F8AF1E48AFB80D2151 /* libPods.a */; };
/* End PBXBuildFile section */

/* Begin PBXContainerItemProxy section */
		08A51B85195B98630073CBA7 /* PBXContainerItemProxy */ = {
			isa = PBXContainerItemProxy;
			containerPortal = 08A51B57195B98620073CBA7 /* Project object */;
			proxyType = 1;
			remoteGlobalIDString = 08A51B5E195B98620073CBA7;
			remoteInfo = "World Traveler";
		};
/* End PBXContainerItemProxy section */

/* Begin PBXFileReference section */
		08A51B5F195B98620073CBA7 /* World Traveler.app */ = {isa = PBXFileReference; explicitFileType = wrapper.application; includeInIndex = 0; path = "World Traveler.app"; sourceTree = BUILT_PRODUCTS_DIR; };
		08A51B62195B98620073CBA7 /* Foundation.framework */ = {isa = PBXFileReference; lastKnownFileType = wrapper.framework; name = Foundation.framework; path = System/Library/Frameworks/Foundation.framework; sourceTree = SDKROOT; };
		08A51B64195B98620073CBA7 /* CoreGraphics.framework */ = {isa = PBXFileReference; lastKnownFileType = wrapper.framework; name = CoreGraphics.framework; path = System/Library/Frameworks/CoreGraphics.framework; sourceTree = SDKROOT; };
		08A51B66195B98620073CBA7 /* UIKit.framework */ = {isa = PBXFileReference; lastKnownFileType = wrapper.framework; name = UIKit.framework; path = System/Library/Frameworks/UIKit.framework; sourceTree = SDKROOT; };
		08A51B6A195B98620073CBA7 /* World Traveler-Info.plist */ = {isa = PBXFileReference; lastKnownFileType = text.plist.xml; path = "World Traveler-Info.plist"; sourceTree = "<group>"; };
		08A51B6C195B98620073CBA7 /* en */ = {isa = PBXFileReference; lastKnownFileType = text.plist.strings; name = en; path = en.lproj/InfoPlist.strings; sourceTree = "<group>"; };
		08A51B6E195B98620073CBA7 /* main.m */ = {isa = PBXFileReference; lastKnownFileType = sourcecode.c.objc; path = main.m; sourceTree = "<group>"; };
		08A51B70195B98620073CBA7 /* World Traveler-Prefix.pch */ = {isa = PBXFileReference; lastKnownFileType = sourcecode.c.h; path = "World Traveler-Prefix.pch"; sourceTree = "<group>"; };
		08A51B71195B98620073CBA7 /* MSAppDelegate.h */ = {isa = PBXFileReference; lastKnownFileType = sourcecode.c.h; path = MSAppDelegate.h; sourceTree = "<group>"; };
		08A51B72195B98620073CBA7 /* MSAppDelegate.m */ = {isa = PBXFileReference; lastKnownFileType = sourcecode.c.objc; path = MSAppDelegate.m; sourceTree = "<group>"; };
		08A51B75195B98620073CBA7 /* Base */ = {isa = PBXFileReference; lastKnownFileType = file.storyboard; name = Base; path = Base.lproj/Main.storyboard; sourceTree = "<group>"; };
		08A51B77195B98620073CBA7 /* MSListViewController.h */ = {isa = PBXFileReference; lastKnownFileType = sourcecode.c.h; path = MSListViewController.h; sourceTree = "<group>"; };
		08A51B78195B98620073CBA7 /* MSListViewController.m */ = {isa = PBXFileReference; lastKnownFileType = sourcecode.c.objc; path = MSListViewController.m; sourceTree = "<group>"; };
		08A51B7A195B98630073CBA7 /* Images.xcassets */ = {isa = PBXFileReference; lastKnownFileType = folder.assetcatalog; path = Images.xcassets; sourceTree = "<group>"; };
		08A51B80195B98630073CBA7 /* World TravelerTests.xctest */ = {isa = PBXFileReference; explicitFileType = wrapper.cfbundle; includeInIndex = 0; path = "World TravelerTests.xctest"; sourceTree = BUILT_PRODUCTS_DIR; };
		08A51B81195B98630073CBA7 /* XCTest.framework */ = {isa = PBXFileReference; lastKnownFileType = wrapper.framework; name = XCTest.framework; path = Library/Frameworks/XCTest.framework; sourceTree = DEVELOPER_DIR; };
		08A51B89195B98630073CBA7 /* World TravelerTests-Info.plist */ = {isa = PBXFileReference; lastKnownFileType = text.plist.xml; path = "World TravelerTests-Info.plist"; sourceTree = "<group>"; };
		08A51B8B195B98630073CBA7 /* en */ = {isa = PBXFileReference; lastKnownFileType = text.plist.strings; name = en; path = en.lproj/InfoPlist.strings; sourceTree = "<group>"; };
		08A51B8D195B98630073CBA7 /* World_TravelerTests.m */ = {isa = PBXFileReference; lastKnownFileType = sourcecode.c.objc; path = World_TravelerTests.m; sourceTree = "<group>"; };
		08A51BA0195BB9730073CBA7 /* MSMapViewController.h */ = {isa = PBXFileReference; fileEncoding = 4; lastKnownFileType = sourcecode.c.h; path = MSMapViewController.h; sourceTree = "<group>"; };
		08A51BA1195BB9730073CBA7 /* MSMapViewController.m */ = {isa = PBXFileReference; fileEncoding = 4; lastKnownFileType = sourcecode.c.objc; path = MSMapViewController.m; sourceTree = "<group>"; };
		08A51BA7195CB0020073CBA7 /* WorldTravelerModel.xcdatamodel */ = {isa = PBXFileReference; lastKnownFileType = wrapper.xcdatamodel; path = WorldTravelerModel.xcdatamodel; sourceTree = "<group>"; };
		08A51BA9195CB0620073CBA7 /* CoreData.framework */ = {isa = PBXFileReference; lastKnownFileType = wrapper.framework; name = CoreData.framework; path = System/Library/Frameworks/CoreData.framework; sourceTree = SDKROOT; };
		08A51BAB195CF04E0073CBA7 /* Menu.h */ = {isa = PBXFileReference; fileEncoding = 4; lastKnownFileType = sourcecode.c.h; path = Menu.h; sourceTree = "<group>"; };
		08A51BAC195CF04E0073CBA7 /* Menu.m */ = {isa = PBXFileReference; fileEncoding = 4; lastKnownFileType = sourcecode.c.objc; path = Menu.m; sourceTree = "<group>"; };
		08A51BAE195CF04F0073CBA7 /* Venue.h */ = {isa = PBXFileReference; fileEncoding = 4; lastKnownFileType = sourcecode.c.h; path = Venue.h; sourceTree = "<group>"; };
		08A51BAF195CF04F0073CBA7 /* Venue.m */ = {isa = PBXFileReference; fileEncoding = 4; lastKnownFileType = sourcecode.c.objc; path = Venue.m; sourceTree = "<group>"; };
		08A51BB1195CF04F0073CBA7 /* Contact.h */ = {isa = PBXFileReference; fileEncoding = 4; lastKnownFileType = sourcecode.c.h; path = Contact.h; sourceTree = "<group>"; };
		08A51BB2195CF04F0073CBA7 /* Contact.m */ = {isa = PBXFileReference; fileEncoding = 4; lastKnownFileType = sourcecode.c.objc; path = Contact.m; sourceTree = "<group>"; };
		08A51BB4195CF04F0073CBA7 /* FSCategory.h */ = {isa = PBXFileReference; fileEncoding = 4; lastKnownFileType = sourcecode.c.h; path = FSCategory.h; sourceTree = "<group>"; };
		08A51BB5195CF04F0073CBA7 /* FSCategory.m */ = {isa = PBXFileReference; fileEncoding = 4; lastKnownFileType = sourcecode.c.objc; path = FSCategory.m; sourceTree = "<group>"; };
		08A51BB7195CF04F0073CBA7 /* Location.h */ = {isa = PBXFileReference; fileEncoding = 4; lastKnownFileType = sourcecode.c.h; path = Location.h; sourceTree = "<group>"; };
		08A51BB8195CF04F0073CBA7 /* Location.m */ = {isa = PBXFileReference; fileEncoding = 4; lastKnownFileType = sourcecode.c.objc; path = Location.m; sourceTree = "<group>"; };
		08A51BBB195CF1030073CBA7 /* MSRecord.h */ = {isa = PBXFileReference; fileEncoding = 4; lastKnownFileType = sourcecode.c.h; path = MSRecord.h; sourceTree = "<group>"; };
		08A51BBC195CF1030073CBA7 /* MSRecord.m */ = {isa = PBXFileReference; fileEncoding = 4; lastKnownFileType = sourcecode.c.objc; path = MSRecord.m; sourceTree = "<group>"; };
		08A51BBF195DDCF20073CBA7 /* MSFourSquareSessionManager.h */ = {isa = PBXFileReference; fileEncoding = 4; lastKnownFileType = sourcecode.c.h; path = MSFourSquareSessionManager.h; sourceTree = "<group>"; };
		08A51BC0195DDCF20073CBA7 /* MSFourSquareSessionManager.m */ = {isa = PBXFileReference; fileEncoding = 4; lastKnownFileType = sourcecode.c.objc; path = MSFourSquareSessionManager.m; sourceTree = "<group>"; };
		08A51BC2195DE21D0073CBA7 /* MapKit.framework */ = {isa = PBXFileReference; lastKnownFileType = wrapper.framework; name = MapKit.framework; path = System/Library/Frameworks/MapKit.framework; sourceTree = SDKROOT; };
		08A51BC4195DE2290073CBA7 /* CoreLocation.framework */ = {isa = PBXFileReference; lastKnownFileType = wrapper.framework; name = CoreLocation.framework; path = System/Library/Frameworks/CoreLocation.framework; sourceTree = SDKROOT; };
		08A51BCE195DEBA40073CBA7 /* AFMMRecordResponseSerializationMapper.h */ = {isa = PBXFileReference; fileEncoding = 4; lastKnownFileType = sourcecode.c.h; path = AFMMRecordResponseSerializationMapper.h; sourceTree = "<group>"; };
		08A51BCF195DEBA40073CBA7 /* AFMMRecordResponseSerializationMapper.m */ = {isa = PBXFileReference; fileEncoding = 4; lastKnownFileType = sourcecode.c.objc; path = AFMMRecordResponseSerializationMapper.m; sourceTree = "<group>"; };
		08A51BD0195DEBA40073CBA7 /* AFMMRecordResponseSerializer.h */ = {isa = PBXFileReference; fileEncoding = 4; lastKnownFileType = sourcecode.c.h; path = AFMMRecordResponseSerializer.h; sourceTree = "<group>"; };
		08A51BD1195DEBA40073CBA7 /* AFMMRecordResponseSerializer.m */ = {isa = PBXFileReference; fileEncoding = 4; lastKnownFileType = sourcecode.c.objc; path = AFMMRecordResponseSerializer.m; sourceTree = "<group>"; };
		08A51BD4195E1B2A0073CBA7 /* MSDirectionsViewController.h */ = {isa = PBXFileReference; fileEncoding = 4; lastKnownFileType = sourcecode.c.h; path = MSDirectionsViewController.h; sourceTree = "<group>"; };
		08A51BD5195E1B2A0073CBA7 /* MSDirectionsViewController.m */ = {isa = PBXFileReference; fileEncoding = 4; lastKnownFileType = sourcecode.c.objc; path = MSDirectionsViewController.m; sourceTree = "<group>"; };
		08A51BD7195E37230073CBA7 /* MSDirectionsListViewController.h */ = {isa = PBXFileReference; fileEncoding = 4; lastKnownFileType = sourcecode.c.h; path = MSDirectionsListViewController.h; sourceTree = "<group>"; };
		08A51BD8195E37230073CBA7 /* MSDirectionsListViewController.m */ = {isa = PBXFileReference; fileEncoding = 4; lastKnownFileType = sourcecode.c.objc; path = MSDirectionsListViewController.m; sourceTree = "<group>"; };
		37A6E3CC317F4C9E84ECEE18 /* Pods.xcconfig */ = {isa = PBXFileReference; includeInIndex = 1; lastKnownFileType = text.xcconfig; name = Pods.xcconfig; path = Pods/Pods.xcconfig; sourceTree = "<group>"; };
		8BE9C8F8AF1E48AFB80D2151 /* libPods.a */ = {isa = PBXFileReference; explicitFileType = archive.ar; includeInIndex = 0; path = libPods.a; sourceTree = BUILT_PRODUCTS_DIR; };
/* End PBXFileReference section */

/* Begin PBXFrameworksBuildPhase section */
		08A51B5C195B98620073CBA7 /* Frameworks */ = {
			isa = PBXFrameworksBuildPhase;
			buildActionMask = 2147483647;
			files = (
				08A51BC5195DE2290073CBA7 /* CoreLocation.framework in Frameworks */,
				08A51BC3195DE21D0073CBA7 /* MapKit.framework in Frameworks */,
				08A51BAA195CB0620073CBA7 /* CoreData.framework in Frameworks */,
				08A51B65195B98620073CBA7 /* CoreGraphics.framework in Frameworks */,
				08A51B67195B98620073CBA7 /* UIKit.framework in Frameworks */,
				08A51B63195B98620073CBA7 /* Foundation.framework in Frameworks */,
				6B9BCE274D7945B38A63BE6D /* libPods.a in Frameworks */,
			);
			runOnlyForDeploymentPostprocessing = 0;
		};
		08A51B7D195B98630073CBA7 /* Frameworks */ = {
			isa = PBXFrameworksBuildPhase;
			buildActionMask = 2147483647;
			files = (
				08A51B82195B98630073CBA7 /* XCTest.framework in Frameworks */,
				08A51B84195B98630073CBA7 /* UIKit.framework in Frameworks */,
				08A51B83195B98630073CBA7 /* Foundation.framework in Frameworks */,
			);
			runOnlyForDeploymentPostprocessing = 0;
		};
/* End PBXFrameworksBuildPhase section */

/* Begin PBXGroup section */
		08A51B56195B98620073CBA7 = {
			isa = PBXGroup;
			children = (
				08A51B68195B98620073CBA7 /* World Traveler */,
				08A51B87195B98630073CBA7 /* World TravelerTests */,
				08A51B61195B98620073CBA7 /* Frameworks */,
				08A51B60195B98620073CBA7 /* Products */,
				37A6E3CC317F4C9E84ECEE18 /* Pods.xcconfig */,
			);
			sourceTree = "<group>";
		};
		08A51B60195B98620073CBA7 /* Products */ = {
			isa = PBXGroup;
			children = (
				08A51B5F195B98620073CBA7 /* World Traveler.app */,
				08A51B80195B98630073CBA7 /* World TravelerTests.xctest */,
			);
			name = Products;
			sourceTree = "<group>";
		};
		08A51B61195B98620073CBA7 /* Frameworks */ = {
			isa = PBXGroup;
			children = (
				08A51BCD195DEBA40073CBA7 /* AFMMRecordResponseSerializer */,
				08A51BC4195DE2290073CBA7 /* CoreLocation.framework */,
				08A51BC2195DE21D0073CBA7 /* MapKit.framework */,
				08A51BA9195CB0620073CBA7 /* CoreData.framework */,
				08A51B62195B98620073CBA7 /* Foundation.framework */,
				08A51B64195B98620073CBA7 /* CoreGraphics.framework */,
				08A51B66195B98620073CBA7 /* UIKit.framework */,
				08A51B81195B98630073CBA7 /* XCTest.framework */,
				8BE9C8F8AF1E48AFB80D2151 /* libPods.a */,
			);
			name = Frameworks;
			sourceTree = "<group>";
		};
		08A51B68195B98620073CBA7 /* World Traveler */ = {
			isa = PBXGroup;
			children = (
				08A51BA3195CAF770073CBA7 /* Initialization */,
				08A51BA5195CAFB20073CBA7 /* Views */,
				08A51BBE195DDC9C0073CBA7 /* API */,
				08A51BA4195CAF820073CBA7 /* Model */,
				08A51B7A195B98630073CBA7 /* Images.xcassets */,
				08A51B69195B98620073CBA7 /* Supporting Files */,
			);
			path = "World Traveler";
			sourceTree = "<group>";
		};
		08A51B69195B98620073CBA7 /* Supporting Files */ = {
			isa = PBXGroup;
			children = (
				08A51B6A195B98620073CBA7 /* World Traveler-Info.plist */,
				08A51B6B195B98620073CBA7 /* InfoPlist.strings */,
				08A51B6E195B98620073CBA7 /* main.m */,
				08A51B70195B98620073CBA7 /* World Traveler-Prefix.pch */,
			);
			name = "Supporting Files";
			sourceTree = "<group>";
		};
		08A51B87195B98630073CBA7 /* World TravelerTests */ = {
			isa = PBXGroup;
			children = (
				08A51B8D195B98630073CBA7 /* World_TravelerTests.m */,
				08A51B88195B98630073CBA7 /* Supporting Files */,
			);
			path = "World TravelerTests";
			sourceTree = "<group>";
		};
		08A51B88195B98630073CBA7 /* Supporting Files */ = {
			isa = PBXGroup;
			children = (
				08A51B89195B98630073CBA7 /* World TravelerTests-Info.plist */,
				08A51B8A195B98630073CBA7 /* InfoPlist.strings */,
			);
			name = "Supporting Files";
			sourceTree = "<group>";
		};
		08A51BA3195CAF770073CBA7 /* Initialization */ = {
			isa = PBXGroup;
			children = (
				08A51B71195B98620073CBA7 /* MSAppDelegate.h */,
				08A51B72195B98620073CBA7 /* MSAppDelegate.m */,
				08A51B74195B98620073CBA7 /* Main.storyboard */,
			);
			name = Initialization;
			sourceTree = "<group>";
		};
		08A51BA4195CAF820073CBA7 /* Model */ = {
			isa = PBXGroup;
			children = (
				08A51BA6195CB0020073CBA7 /* WorldTravelerModel.xcdatamodeld */,
				08A51BBA195CF0720073CBA7 /* Model */,
			);
			name = Model;
			sourceTree = "<group>";
		};
		08A51BA5195CAFB20073CBA7 /* Views */ = {
			isa = PBXGroup;
			children = (
				08A51B77195B98620073CBA7 /* MSListViewController.h */,
				08A51B78195B98620073CBA7 /* MSListViewController.m */,
				08A51BA0195BB9730073CBA7 /* MSMapViewController.h */,
				08A51BA1195BB9730073CBA7 /* MSMapViewController.m */,
				08A51BD4195E1B2A0073CBA7 /* MSDirectionsViewController.h */,
				08A51BD5195E1B2A0073CBA7 /* MSDirectionsViewController.m */,
				08A51BD7195E37230073CBA7 /* MSDirectionsListViewController.h */,
				08A51BD8195E37230073CBA7 /* MSDirectionsListViewController.m */,
			);
			name = Views;
			sourceTree = "<group>";
		};
		08A51BBA195CF0720073CBA7 /* Model */ = {
			isa = PBXGroup;
			children = (
				08A51BBB195CF1030073CBA7 /* MSRecord.h */,
				08A51BBC195CF1030073CBA7 /* MSRecord.m */,
				08A51BB7195CF04F0073CBA7 /* Location.h */,
				08A51BB8195CF04F0073CBA7 /* Location.m */,
				08A51BB4195CF04F0073CBA7 /* FSCategory.h */,
				08A51BB5195CF04F0073CBA7 /* FSCategory.m */,
				08A51BB1195CF04F0073CBA7 /* Contact.h */,
				08A51BB2195CF04F0073CBA7 /* Contact.m */,
				08A51BAE195CF04F0073CBA7 /* Venue.h */,
				08A51BAF195CF04F0073CBA7 /* Venue.m */,
				08A51BAB195CF04E0073CBA7 /* Menu.h */,
				08A51BAC195CF04E0073CBA7 /* Menu.m */,
			);
			name = Model;
			sourceTree = "<group>";
		};
		08A51BBE195DDC9C0073CBA7 /* API */ = {
			isa = PBXGroup;
			children = (
				08A51BBF195DDCF20073CBA7 /* MSFourSquareSessionManager.h */,
				08A51BC0195DDCF20073CBA7 /* MSFourSquareSessionManager.m */,
			);
			name = API;
			sourceTree = "<group>";
		};
		08A51BCD195DEBA40073CBA7 /* AFMMRecordResponseSerializer */ = {
			isa = PBXGroup;
			children = (
				08A51BCE195DEBA40073CBA7 /* AFMMRecordResponseSerializationMapper.h */,
				08A51BCF195DEBA40073CBA7 /* AFMMRecordResponseSerializationMapper.m */,
				08A51BD0195DEBA40073CBA7 /* AFMMRecordResponseSerializer.h */,
				08A51BD1195DEBA40073CBA7 /* AFMMRecordResponseSerializer.m */,
			);
			path = AFMMRecordResponseSerializer;
			sourceTree = "<group>";
		};
/* End PBXGroup section */

/* Begin PBXNativeTarget section */
		08A51B5E195B98620073CBA7 /* World Traveler */ = {
			isa = PBXNativeTarget;
			buildConfigurationList = 08A51B91195B98630073CBA7 /* Build configuration list for PBXNativeTarget "World Traveler" */;
			buildPhases = (
				07ABE723E11F4C6AB9FD1C45 /* Check Pods Manifest.lock */,
				08A51B5B195B98620073CBA7 /* Sources */,
				08A51B5C195B98620073CBA7 /* Frameworks */,
				08A51B5D195B98620073CBA7 /* Resources */,
				B1E16ADE6D8B47429FCE512B /* Copy Pods Resources */,
			);
			buildRules = (
			);
			dependencies = (
			);
			name = "World Traveler";
			productName = "World Traveler";
			productReference = 08A51B5F195B98620073CBA7 /* World Traveler.app */;
			productType = "com.apple.product-type.application";
		};
		08A51B7F195B98630073CBA7 /* World TravelerTests */ = {
			isa = PBXNativeTarget;
			buildConfigurationList = 08A51B94195B98630073CBA7 /* Build configuration list for PBXNativeTarget "World TravelerTests" */;
			buildPhases = (
				08A51B7C195B98630073CBA7 /* Sources */,
				08A51B7D195B98630073CBA7 /* Frameworks */,
				08A51B7E195B98630073CBA7 /* Resources */,
			);
			buildRules = (
			);
			dependencies = (
				08A51B86195B98630073CBA7 /* PBXTargetDependency */,
			);
			name = "World TravelerTests";
			productName = "World TravelerTests";
			productReference = 08A51B80195B98630073CBA7 /* World TravelerTests.xctest */;
			productType = "com.apple.product-type.bundle.unit-test";
		};
/* End PBXNativeTarget section */

/* Begin PBXProject section */
		08A51B57195B98620073CBA7 /* Project object */ = {
			isa = PBXProject;
			attributes = {
				CLASSPREFIX = MS;
				LastUpgradeCheck = 0500;
				ORGANIZATIONNAME = "Mat Sletten";
				TargetAttributes = {
					08A51B7F195B98630073CBA7 = {
						TestTargetID = 08A51B5E195B98620073CBA7;
					};
				};
			};
			buildConfigurationList = 08A51B5A195B98620073CBA7 /* Build configuration list for PBXProject "World Traveler" */;
			compatibilityVersion = "Xcode 3.2";
			developmentRegion = English;
			hasScannedForEncodings = 0;
			knownRegions = (
				en,
				Base,
			);
			mainGroup = 08A51B56195B98620073CBA7;
			productRefGroup = 08A51B60195B98620073CBA7 /* Products */;
			projectDirPath = "";
			projectRoot = "";
			targets = (
				08A51B5E195B98620073CBA7 /* World Traveler */,
				08A51B7F195B98630073CBA7 /* World TravelerTests */,
			);
		};
/* End PBXProject section */

/* Begin PBXResourcesBuildPhase section */
		08A51B5D195B98620073CBA7 /* Resources */ = {
			isa = PBXResourcesBuildPhase;
			buildActionMask = 2147483647;
			files = (
				08A51B7B195B98630073CBA7 /* Images.xcassets in Resources */,
				08A51B6D195B98620073CBA7 /* InfoPlist.strings in Resources */,
				08A51B76195B98620073CBA7 /* Main.storyboard in Resources */,
			);
			runOnlyForDeploymentPostprocessing = 0;
		};
		08A51B7E195B98630073CBA7 /* Resources */ = {
			isa = PBXResourcesBuildPhase;
			buildActionMask = 2147483647;
			files = (
				08A51B8C195B98630073CBA7 /* InfoPlist.strings in Resources */,
			);
			runOnlyForDeploymentPostprocessing = 0;
		};
/* End PBXResourcesBuildPhase section */

/* Begin PBXShellScriptBuildPhase section */
		07ABE723E11F4C6AB9FD1C45 /* Check Pods Manifest.lock */ = {
			isa = PBXShellScriptBuildPhase;
			buildActionMask = 2147483647;
			files = (
			);
			inputPaths = (
			);
			name = "Check Pods Manifest.lock";
			outputPaths = (
			);
			runOnlyForDeploymentPostprocessing = 0;
			shellPath = /bin/sh;
			shellScript = "diff \"${PODS_ROOT}/../Podfile.lock\" \"${PODS_ROOT}/Manifest.lock\" > /dev/null\nif [[ $? != 0 ]] ; then\n    cat << EOM\nerror: The sandbox is not in sync with the Podfile.lock. Run 'pod install' or update your CocoaPods installation.\nEOM\n    exit 1\nfi\n";
			showEnvVarsInLog = 0;
		};
		B1E16ADE6D8B47429FCE512B /* Copy Pods Resources */ = {
			isa = PBXShellScriptBuildPhase;
			buildActionMask = 2147483647;
			files = (
			);
			inputPaths = (
			);
			name = "Copy Pods Resources";
			outputPaths = (
			);
			runOnlyForDeploymentPostprocessing = 0;
			shellPath = /bin/sh;
			shellScript = "\"${SRCROOT}/Pods/Pods-resources.sh\"\n";
			showEnvVarsInLog = 0;
		};
/* End PBXShellScriptBuildPhase section */

/* Begin PBXSourcesBuildPhase section */
		08A51B5B195B98620073CBA7 /* Sources */ = {
			isa = PBXSourcesBuildPhase;
			buildActionMask = 2147483647;
			files = (
				08A51BA8195CB0020073CBA7 /* WorldTravelerModel.xcdatamodeld in Sources */,
				08A51BC1195DDCF20073CBA7 /* MSFourSquareSessionManager.m in Sources */,
				08A51BD3195DEBA40073CBA7 /* AFMMRecordResponseSerializer.m in Sources */,
				08A51BB3195CF04F0073CBA7 /* Contact.m in Sources */,
				08A51BD9195E37230073CBA7 /* MSDirectionsListViewController.m in Sources */,
				08A51BD6195E1B2A0073CBA7 /* MSDirectionsViewController.m in Sources */,
				08A51BA2195BB9730073CBA7 /* MSMapViewController.m in Sources */,
				08A51BB0195CF04F0073CBA7 /* Venue.m in Sources */,
				08A51BD2195DEBA40073CBA7 /* AFMMRecordResponseSerializationMapper.m in Sources */,
				08A51B73195B98620073CBA7 /* MSAppDelegate.m in Sources */,
				08A51B79195B98620073CBA7 /* MSListViewController.m in Sources */,
				08A51BB6195CF04F0073CBA7 /* FSCategory.m in Sources */,
				08A51BBD195CF1030073CBA7 /* MSRecord.m in Sources */,
				08A51BAD195CF04E0073CBA7 /* Menu.m in Sources */,
				08A51BB9195CF04F0073CBA7 /* Location.m in Sources */,
				08A51B6F195B98620073CBA7 /* main.m in Sources */,
			);
			runOnlyForDeploymentPostprocessing = 0;
		};
		08A51B7C195B98630073CBA7 /* Sources */ = {
			isa = PBXSourcesBuildPhase;
			buildActionMask = 2147483647;
			files = (
				08A51B8E195B98630073CBA7 /* World_TravelerTests.m in Sources */,
			);
			runOnlyForDeploymentPostprocessing = 0;
		};
/* End PBXSourcesBuildPhase section */

/* Begin PBXTargetDependency section */
		08A51B86195B98630073CBA7 /* PBXTargetDependency */ = {
			isa = PBXTargetDependency;
			target = 08A51B5E195B98620073CBA7 /* World Traveler */;
			targetProxy = 08A51B85195B98630073CBA7 /* PBXContainerItemProxy */;
		};
/* End PBXTargetDependency section */

/* Begin PBXVariantGroup section */
		08A51B6B195B98620073CBA7 /* InfoPlist.strings */ = {
			isa = PBXVariantGroup;
			children = (
				08A51B6C195B98620073CBA7 /* en */,
			);
			name = InfoPlist.strings;
			sourceTree = "<group>";
		};
		08A51B74195B98620073CBA7 /* Main.storyboard */ = {
			isa = PBXVariantGroup;
			children = (
				08A51B75195B98620073CBA7 /* Base */,
			);
			name = Main.storyboard;
			sourceTree = "<group>";
		};
		08A51B8A195B98630073CBA7 /* InfoPlist.strings */ = {
			isa = PBXVariantGroup;
			children = (
				08A51B8B195B98630073CBA7 /* en */,
			);
			name = InfoPlist.strings;
			sourceTree = "<group>";
		};
/* End PBXVariantGroup section */

/* Begin XCBuildConfiguration section */
		08A51B8F195B98630073CBA7 /* Debug */ = {
			isa = XCBuildConfiguration;
			buildSettings = {
				ALWAYS_SEARCH_USER_PATHS = NO;
				ARCHS = "$(ARCHS_STANDARD_INCLUDING_64_BIT)";
				CLANG_CXX_LANGUAGE_STANDARD = "gnu++0x";
				CLANG_CXX_LIBRARY = "libc++";
				CLANG_ENABLE_MODULES = YES;
				CLANG_ENABLE_OBJC_ARC = YES;
				CLANG_WARN_BOOL_CONVERSION = YES;
				CLANG_WARN_CONSTANT_CONVERSION = YES;
				CLANG_WARN_DIRECT_OBJC_ISA_USAGE = YES_ERROR;
				CLANG_WARN_EMPTY_BODY = YES;
				CLANG_WARN_ENUM_CONVERSION = YES;
				CLANG_WARN_INT_CONVERSION = YES;
				CLANG_WARN_OBJC_ROOT_CLASS = YES_ERROR;
				CLANG_WARN__DUPLICATE_METHOD_MATCH = YES;
				"CODE_SIGN_IDENTITY[sdk=iphoneos*]" = "iPhone Developer";
				COPY_PHASE_STRIP = NO;
				GCC_C_LANGUAGE_STANDARD = gnu99;
				GCC_DYNAMIC_NO_PIC = NO;
				GCC_OPTIMIZATION_LEVEL = 0;
				GCC_PREPROCESSOR_DEFINITIONS = (
					"DEBUG=1",
					"$(inherited)",
				);
				GCC_SYMBOLS_PRIVATE_EXTERN = NO;
				GCC_WARN_64_TO_32_BIT_CONVERSION = YES;
				GCC_WARN_ABOUT_RETURN_TYPE = YES_ERROR;
				GCC_WARN_UNDECLARED_SELECTOR = YES;
				GCC_WARN_UNINITIALIZED_AUTOS = YES;
				GCC_WARN_UNUSED_FUNCTION = YES;
				GCC_WARN_UNUSED_VARIABLE = YES;
				IPHONEOS_DEPLOYMENT_TARGET = 7.0;
				ONLY_ACTIVE_ARCH = YES;
				SDKROOT = iphoneos;
			};
			name = Debug;
		};
		08A51B90195B98630073CBA7 /* Release */ = {
			isa = XCBuildConfiguration;
			buildSettings = {
				ALWAYS_SEARCH_USER_PATHS = NO;
				ARCHS = "$(ARCHS_STANDARD_INCLUDING_64_BIT)";
				CLANG_CXX_LANGUAGE_STANDARD = "gnu++0x";
				CLANG_CXX_LIBRARY = "libc++";
				CLANG_ENABLE_MODULES = YES;
				CLANG_ENABLE_OBJC_ARC = YES;
				CLANG_WARN_BOOL_CONVERSION = YES;
				CLANG_WARN_CONSTANT_CONVERSION = YES;
				CLANG_WARN_DIRECT_OBJC_ISA_USAGE = YES_ERROR;
				CLANG_WARN_EMPTY_BODY = YES;
				CLANG_WARN_ENUM_CONVERSION = YES;
				CLANG_WARN_INT_CONVERSION = YES;
				CLANG_WARN_OBJC_ROOT_CLASS = YES_ERROR;
				CLANG_WARN__DUPLICATE_METHOD_MATCH = YES;
				"CODE_SIGN_IDENTITY[sdk=iphoneos*]" = "iPhone Developer";
				COPY_PHASE_STRIP = YES;
				ENABLE_NS_ASSERTIONS = NO;
				GCC_C_LANGUAGE_STANDARD = gnu99;
				GCC_WARN_64_TO_32_BIT_CONVERSION = YES;
				GCC_WARN_ABOUT_RETURN_TYPE = YES_ERROR;
				GCC_WARN_UNDECLARED_SELECTOR = YES;
				GCC_WARN_UNINITIALIZED_AUTOS = YES;
				GCC_WARN_UNUSED_FUNCTION = YES;
				GCC_WARN_UNUSED_VARIABLE = YES;
				IPHONEOS_DEPLOYMENT_TARGET = 7.0;
				SDKROOT = iphoneos;
				VALIDATE_PRODUCT = YES;
			};
			name = Release;
		};
		08A51B92195B98630073CBA7 /* Debug */ = {
			isa = XCBuildConfiguration;
			baseConfigurationReference = 37A6E3CC317F4C9E84ECEE18 /* Pods.xcconfig */;
			buildSettings = {
				ASSETCATALOG_COMPILER_APPICON_NAME = AppIcon;
				ASSETCATALOG_COMPILER_LAUNCHIMAGE_NAME = LaunchImage;
				GCC_PRECOMPILE_PREFIX_HEADER = YES;
				GCC_PREFIX_HEADER = "World Traveler/World Traveler-Prefix.pch";
				INFOPLIST_FILE = "World Traveler/World Traveler-Info.plist";
				PRODUCT_NAME = "$(TARGET_NAME)";
				WRAPPER_EXTENSION = app;
			};
			name = Debug;
		};
		08A51B93195B98630073CBA7 /* Release */ = {
			isa = XCBuildConfiguration;
			baseConfigurationReference = 37A6E3CC317F4C9E84ECEE18 /* Pods.xcconfig */;
			buildSettings = {
				ASSETCATALOG_COMPILER_APPICON_NAME = AppIcon;
				ASSETCATALOG_COMPILER_LAUNCHIMAGE_NAME = LaunchImage;
				GCC_PRECOMPILE_PREFIX_HEADER = YES;
				GCC_PREFIX_HEADER = "World Traveler/World Traveler-Prefix.pch";
				INFOPLIST_FILE = "World Traveler/World Traveler-Info.plist";
				PRODUCT_NAME = "$(TARGET_NAME)";
				WRAPPER_EXTENSION = app;
			};
			name = Release;
		};
		08A51B95195B98630073CBA7 /* Debug */ = {
			isa = XCBuildConfiguration;
			buildSettings = {
				ARCHS = "$(ARCHS_STANDARD_INCLUDING_64_BIT)";
				BUNDLE_LOADER = "$(BUILT_PRODUCTS_DIR)/World Traveler.app/World Traveler";
				FRAMEWORK_SEARCH_PATHS = (
					"$(SDKROOT)/Developer/Library/Frameworks",
					"$(inherited)",
					"$(DEVELOPER_FRAMEWORKS_DIR)",
				);
				GCC_PRECOMPILE_PREFIX_HEADER = YES;
				GCC_PREFIX_HEADER = "World Traveler/World Traveler-Prefix.pch";
				GCC_PREPROCESSOR_DEFINITIONS = (
					"DEBUG=1",
					"$(inherited)",
				);
				INFOPLIST_FILE = "World TravelerTests/World TravelerTests-Info.plist";
				PRODUCT_NAME = "$(TARGET_NAME)";
				TEST_HOST = "$(BUNDLE_LOADER)";
				WRAPPER_EXTENSION = xctest;
			};
			name = Debug;
		};
		08A51B96195B98630073CBA7 /* Release */ = {
			isa = XCBuildConfiguration;
			buildSettings = {
				ARCHS = "$(ARCHS_STANDARD_INCLUDING_64_BIT)";
				BUNDLE_LOADER = "$(BUILT_PRODUCTS_DIR)/World Traveler.app/World Traveler";
				FRAMEWORK_SEARCH_PATHS = (
					"$(SDKROOT)/Developer/Library/Frameworks",
					"$(inherited)",
					"$(DEVELOPER_FRAMEWORKS_DIR)",
				);
				GCC_PRECOMPILE_PREFIX_HEADER = YES;
				GCC_PREFIX_HEADER = "World Traveler/World Traveler-Prefix.pch";
				INFOPLIST_FILE = "World TravelerTests/World TravelerTests-Info.plist";
				PRODUCT_NAME = "$(TARGET_NAME)";
				TEST_HOST = "$(BUNDLE_LOADER)";
				WRAPPER_EXTENSION = xctest;
			};
			name = Release;
		};
/* End XCBuildConfiguration section */

/* Begin XCConfigurationList section */
		08A51B5A195B98620073CBA7 /* Build configuration list for PBXProject "World Traveler" */ = {
			isa = XCConfigurationList;
			buildConfigurations = (
				08A51B8F195B98630073CBA7 /* Debug */,
				08A51B90195B98630073CBA7 /* Release */,
			);
			defaultConfigurationIsVisible = 0;
			defaultConfigurationName = Release;
		};
		08A51B91195B98630073CBA7 /* Build configuration list for PBXNativeTarget "World Traveler" */ = {
			isa = XCConfigurationList;
			buildConfigurations = (
				08A51B92195B98630073CBA7 /* Debug */,
				08A51B93195B98630073CBA7 /* Release */,
			);
			defaultConfigurationIsVisible = 0;
			defaultConfigurationName = Release;
		};
		08A51B94195B98630073CBA7 /* Build configuration list for PBXNativeTarget "World TravelerTests" */ = {
			isa = XCConfigurationList;
			buildConfigurations = (
				08A51B95195B98630073CBA7 /* Debug */,
				08A51B96195B98630073CBA7 /* Release */,
			);
			defaultConfigurationIsVisible = 0;
			defaultConfigurationName = Release;
		};
/* End XCConfigurationList section */

/* Begin XCVersionGroup section */
		08A51BA6195CB0020073CBA7 /* WorldTravelerModel.xcdatamodeld */ = {
			isa = XCVersionGroup;
			children = (
				08A51BA7195CB0020073CBA7 /* WorldTravelerModel.xcdatamodel */,
			);
			currentVersion = 08A51BA7195CB0020073CBA7 /* WorldTravelerModel.xcdatamodel */;
			path = WorldTravelerModel.xcdatamodeld;
			sourceTree = "<group>";
			versionGroupType = wrapper.xcdatamodel;
		};
/* End XCVersionGroup section */
	};
	rootObject = 08A51B57195B98620073CBA7 /* Project object */;
}
